
Microsoft Visual Studio Solution File, Format Version 12.00
# Visual Studio Version 16
VisualStudioVersion = 16.0.29613.14
MinimumVisualStudioVersion = 10.0.40219.1
Project("{2150E333-8FDC-42A3-9474-1A3956D46DE8}") = "1 - Application", "1 - Application", "{87D72F02-4572-4365-94A3-3C7E3CC316E5}"
EndProject
Project("{2150E333-8FDC-42A3-9474-1A3956D46DE8}") = "2 - Domain", "2 - Domain", "{24D663DE-D651-44C9-B101-E4813AE4DA31}"
EndProject
Project("{2150E333-8FDC-42A3-9474-1A3956D46DE8}") = "3 - Service", "3 - Service", "{4AC864A7-7625-40F4-8182-1BAF03BD1204}"
EndProject
Project("{2150E333-8FDC-42A3-9474-1A3956D46DE8}") = "4 - Infrastructure", "4 - Infrastructure", "{E72AE4E0-B2DF-4B5C-A992-218B056F5850}"
EndProject
Project("{2150E333-8FDC-42A3-9474-1A3956D46DE8}") = "4.1 - Data", "4.1 - Data", "{6580C59A-C5D8-4A80-A65E-4FAE60E33F19}"
EndProject
Project("{2150E333-8FDC-42A3-9474-1A3956D46DE8}") = "4.2 - CrossCutting", "4.2 - CrossCutting", "{03977C0F-1BEB-4515-BFC1-972BEC59455E}"
EndProject
Project("{9A19103F-16F7-4668-BE54-9A1E7A4F7556}") = "DGBar.Application", "DGBar.Application\DGBar.Application.csproj", "{917FF855-F1A7-4BAF-8044-6A4D45BA5002}"
EndProject
Project("{9A19103F-16F7-4668-BE54-9A1E7A4F7556}") = "DGBar.Domain", "DGBar.Domain\DGBar.Domain.csproj", "{214AE0FA-1125-4C3E-9536-C25339338470}"
EndProject
Project("{9A19103F-16F7-4668-BE54-9A1E7A4F7556}") = "DGBar.Service", "DGBar.Service\DGBar.Service.csproj", "{6C59D8F2-EEC1-4FE0-9045-C2F38C24AC88}"
EndProject
Project("{9A19103F-16F7-4668-BE54-9A1E7A4F7556}") = "DGBar.Infrastructure.Data", "DGBar.Infrastructure.Data\DGBar.Infrastructure.Data.csproj", "{F48F5A17-4869-45C7-8013-7BAD7AFED08D}"
EndProject
Project("{9A19103F-16F7-4668-BE54-9A1E7A4F7556}") = "DGBar.Infrastructure.CrossCutting.IOC", "DGBar.Infrastructure.CrossCutting.IOC\DGBar.Infrastructure.CrossCutting.IOC.csproj", "{09B85DB5-8DD8-4A70-BBC3-B010C29C2A8C}"
EndProject
Project("{FAE04EC0-301F-11D3-BF4B-00C04F79EFBC}") = "DGBar.Domain.DTO", "DGBar.Domain.DTO\DGBar.Domain.DTO.csproj", "{B4E80F99-6C1B-43D7-BCF7-2C23D239E39A}"
EndProject
Project("{FAE04EC0-301F-11D3-BF4B-00C04F79EFBC}") = "DGBar.Infrastructure.CrossCutting.Adapter", "DGBar.Infrastructure.CrossCutting.Adapter\DGBar.Infrastructure.CrossCutting.Adapter.csproj", "{F3E5F294-FDB9-4A50-9D04-69126553E52F}"
EndProject
Global
	GlobalSection(SolutionConfigurationPlatforms) = preSolution
		Debug|Any CPU = Debug|Any CPU
		Release|Any CPU = Release|Any CPU
	EndGlobalSection
	GlobalSection(ProjectConfigurationPlatforms) = postSolution
		{917FF855-F1A7-4BAF-8044-6A4D45BA5002}.Debug|Any CPU.ActiveCfg = Debug|Any CPU
		{917FF855-F1A7-4BAF-8044-6A4D45BA5002}.Debug|Any CPU.Build.0 = Debug|Any CPU
		{917FF855-F1A7-4BAF-8044-6A4D45BA5002}.Release|Any CPU.ActiveCfg = Release|Any CPU
		{917FF855-F1A7-4BAF-8044-6A4D45BA5002}.Release|Any CPU.Build.0 = Release|Any CPU
		{214AE0FA-1125-4C3E-9536-C25339338470}.Debug|Any CPU.ActiveCfg = Debug|Any CPU
		{214AE0FA-1125-4C3E-9536-C25339338470}.Debug|Any CPU.Build.0 = Debug|Any CPU
		{214AE0FA-1125-4C3E-9536-C25339338470}.Release|Any CPU.ActiveCfg = Release|Any CPU
		{214AE0FA-1125-4C3E-9536-C25339338470}.Release|Any CPU.Build.0 = Release|Any CPU
		{6C59D8F2-EEC1-4FE0-9045-C2F38C24AC88}.Debug|Any CPU.ActiveCfg = Debug|Any CPU
		{6C59D8F2-EEC1-4FE0-9045-C2F38C24AC88}.Debug|Any CPU.Build.0 = Debug|Any CPU
		{6C59D8F2-EEC1-4FE0-9045-C2F38C24AC88}.Release|Any CPU.ActiveCfg = Release|Any CPU
		{6C59D8F2-EEC1-4FE0-9045-C2F38C24AC88}.Release|Any CPU.Build.0 = Release|Any CPU
		{F48F5A17-4869-45C7-8013-7BAD7AFED08D}.Debug|Any CPU.ActiveCfg = Debug|Any CPU
		{F48F5A17-4869-45C7-8013-7BAD7AFED08D}.Debug|Any CPU.Build.0 = Debug|Any CPU
		{F48F5A17-4869-45C7-8013-7BAD7AFED08D}.Release|Any CPU.ActiveCfg = Release|Any CPU
		{F48F5A17-4869-45C7-8013-7BAD7AFED08D}.Release|Any CPU.Build.0 = Release|Any CPU
		{09B85DB5-8DD8-4A70-BBC3-B010C29C2A8C}.Debug|Any CPU.ActiveCfg = Debug|Any CPU
		{09B85DB5-8DD8-4A70-BBC3-B010C29C2A8C}.Debug|Any CPU.Build.0 = Debug|Any CPU
		{09B85DB5-8DD8-4A70-BBC3-B010C29C2A8C}.Release|Any CPU.ActiveCfg = Release|Any CPU
		{09B85DB5-8DD8-4A70-BBC3-B010C29C2A8C}.Release|Any CPU.Build.0 = Release|Any CPU
		{B4E80F99-6C1B-43D7-BCF7-2C23D239E39A}.Debug|Any CPU.ActiveCfg = Debug|Any CPU
		{B4E80F99-6C1B-43D7-BCF7-2C23D239E39A}.Debug|Any CPU.Build.0 = Debug|Any CPU
		{B4E80F99-6C1B-43D7-BCF7-2C23D239E39A}.Release|Any CPU.ActiveCfg = Release|Any CPU
		{B4E80F99-6C1B-43D7-BCF7-2C23D239E39A}.Release|Any CPU.Build.0 = Release|Any CPU
		{F3E5F294-FDB9-4A50-9D04-69126553E52F}.Debug|Any CPU.ActiveCfg = Debug|Any CPU
		{F3E5F294-FDB9-4A50-9D04-69126553E52F}.Debug|Any CPU.Build.0 = Debug|Any CPU
		{F3E5F294-FDB9-4A50-9D04-69126553E52F}.Release|Any CPU.ActiveCfg = Release|Any CPU
		{F3E5F294-FDB9-4A50-9D04-69126553E52F}.Release|Any CPU.Build.0 = Release|Any CPU
	EndGlobalSection
	GlobalSection(SolutionProperties) = preSolution
		HideSolutionNode = FALSE
	EndGlobalSection
	GlobalSection(NestedProjects) = preSolution
		{6580C59A-C5D8-4A80-A65E-4FAE60E33F19} = {E72AE4E0-B2DF-4B5C-A992-218B056F5850}
		{03977C0F-1BEB-4515-BFC1-972BEC59455E} = {E72AE4E0-B2DF-4B5C-A992-218B056F5850}
		{917FF855-F1A7-4BAF-8044-6A4D45BA5002} = {87D72F02-4572-4365-94A3-3C7E3CC316E5}
		{214AE0FA-1125-4C3E-9536-C25339338470} = {24D663DE-D651-44C9-B101-E4813AE4DA31}
		{6C59D8F2-EEC1-4FE0-9045-C2F38C24AC88} = {4AC864A7-7625-40F4-8182-1BAF03BD1204}
		{F48F5A17-4869-45C7-8013-7BAD7AFED08D} = {6580C59A-C5D8-4A80-A65E-4FAE60E33F19}
		{09B85DB5-8DD8-4A70-BBC3-B010C29C2A8C} = {03977C0F-1BEB-4515-BFC1-972BEC59455E}
		{B4E80F99-6C1B-43D7-BCF7-2C23D239E39A} = {24D663DE-D651-44C9-B101-E4813AE4DA31}
		{F3E5F294-FDB9-4A50-9D04-69126553E52F} = {03977C0F-1BEB-4515-BFC1-972BEC59455E}
	EndGlobalSection
	GlobalSection(ExtensibilityGlobals) = postSolution
		SolutionGuid = {8A1ED296-AE33-4200-951D-D35AC89DB793}
	EndGlobalSection
EndGlobal
